
Microsoft Visual Studio Solution File, Format Version 12.00
# Visual Studio Version 16
VisualStudioVersion = 16.0.32510.428
MinimumVisualStudioVersion = 10.0.40219.1
Project("{FAE04EC0-301F-11D3-BF4B-00C04F79EFBC}") = "LinqEssentials", "LinqEssentials\LinqEssentials.csproj", "{97623E23-A803-4E58-B40B-04AB493FC9DD}"
EndProject
Global
	GlobalSection(SolutionConfigurationPlatforms) = preSolution
		Debug|Any CPU = Debug|Any CPU
		Release|Any CPU = Release|Any CPU
	EndGlobalSection
	GlobalSection(ProjectConfigurationPlatforms) = postSolution
		{97623E23-A803-4E58-B40B-04AB493FC9DD}.Debug|Any CPU.ActiveCfg = Debug|Any CPU
		{97623E23-A803-4E58-B40B-04AB493FC9DD}.Debug|Any CPU.Build.0 = Debug|Any CPU
		{97623E23-A803-4E58-B40B-04AB493FC9DD}.Release|Any CPU.ActiveCfg = Release|Any CPU
		{97623E23-A803-4E58-B40B-04AB493FC9DD}.Release|Any CPU.Build.0 = Release|Any CPU
	EndGlobalSection
	GlobalSection(SolutionProperties) = preSolution
		HideSolutionNode = FALSE
	EndGlobalSection
	GlobalSection(ExtensibilityGlobals) = postSolution
		SolutionGuid = {31BD2405-3EE3-4E56-A942-B9849847BCE8}
	EndGlobalSection
EndGlobal
