
Microsoft Visual Studio Solution File, Format Version 12.00
# Visual Studio Version 16
VisualStudioVersion = 16.0.32510.428
MinimumVisualStudioVersion = 10.0.40219.1
Project("{FAE04EC0-301F-11D3-BF4B-00C04F79EFBC}") = "BankDao", "BankDao\BankDao.csproj", "{40BDDD5D-DDE7-4EFE-9ACA-AB4B4F7E5562}"
EndProject
Global
	GlobalSection(SolutionConfigurationPlatforms) = preSolution
		Debug|Any CPU = Debug|Any CPU
		Release|Any CPU = Release|Any CPU
	EndGlobalSection
	GlobalSection(ProjectConfigurationPlatforms) = postSolution
		{40BDDD5D-DDE7-4EFE-9ACA-AB4B4F7E5562}.Debug|Any CPU.ActiveCfg = Debug|Any CPU
		{40BDDD5D-DDE7-4EFE-9ACA-AB4B4F7E5562}.Debug|Any CPU.Build.0 = Debug|Any CPU
		{40BDDD5D-DDE7-4EFE-9ACA-AB4B4F7E5562}.Release|Any CPU.ActiveCfg = Release|Any CPU
		{40BDDD5D-DDE7-4EFE-9ACA-AB4B4F7E5562}.Release|Any CPU.Build.0 = Release|Any CPU
	EndGlobalSection
	GlobalSection(SolutionProperties) = preSolution
		HideSolutionNode = FALSE
	EndGlobalSection
	GlobalSection(ExtensibilityGlobals) = postSolution
		SolutionGuid = {64D6C922-215B-4090-8A1B-5F21AC819128}
	EndGlobalSection
EndGlobal
