
Microsoft Visual Studio Solution File, Format Version 12.00
# Visual Studio Version 16
VisualStudioVersion = 16.0.32510.428
MinimumVisualStudioVersion = 10.0.40219.1
Project("{FAE04EC0-301F-11D3-BF4B-00C04F79EFBC}") = "BankLibrary", "BankLibrary\BankLibrary.csproj", "{FB074D14-26BA-4A33-81AD-26F3A2611CF1}"
EndProject
Global
	GlobalSection(SolutionConfigurationPlatforms) = preSolution
		Debug|Any CPU = Debug|Any CPU
		Release|Any CPU = Release|Any CPU
	EndGlobalSection
	GlobalSection(ProjectConfigurationPlatforms) = postSolution
		{FB074D14-26BA-4A33-81AD-26F3A2611CF1}.Debug|Any CPU.ActiveCfg = Debug|Any CPU
		{FB074D14-26BA-4A33-81AD-26F3A2611CF1}.Debug|Any CPU.Build.0 = Debug|Any CPU
		{FB074D14-26BA-4A33-81AD-26F3A2611CF1}.Release|Any CPU.ActiveCfg = Release|Any CPU
		{FB074D14-26BA-4A33-81AD-26F3A2611CF1}.Release|Any CPU.Build.0 = Release|Any CPU
	EndGlobalSection
	GlobalSection(SolutionProperties) = preSolution
		HideSolutionNode = FALSE
	EndGlobalSection
	GlobalSection(ExtensibilityGlobals) = postSolution
		SolutionGuid = {73F9F4E6-285E-41D3-9E05-FE156D9320D6}
	EndGlobalSection
EndGlobal
